
Microsoft Visual Studio Solution File, Format Version 12.00
# Visual Studio Version 16
VisualStudioVersion = 16.0.30907.101
MinimumVisualStudioVersion = 10.0.40219.1
Project("{FAE04EC0-301F-11D3-BF4B-00C04F79EFBC}") = "WindowsFormsApp1", "WindowsFormsApp1\WindowsFormsApp1.csproj", "{C6B1AA7E-FDE7-4B26-A253-96ECEA6B60AA}"
EndProject
Global
	GlobalSection(SolutionConfigurationPlatforms) = preSolution
		Debug|Any CPU = Debug|Any CPU
		Release|Any CPU = Release|Any CPU
	EndGlobalSection
	GlobalSection(ProjectConfigurationPlatforms) = postSolution
		{C6B1AA7E-FDE7-4B26-A253-96ECEA6B60AA}.Debug|Any CPU.ActiveCfg = Debug|Any CPU
		{C6B1AA7E-FDE7-4B26-A253-96ECEA6B60AA}.Debug|Any CPU.Build.0 = Debug|Any CPU
		{C6B1AA7E-FDE7-4B26-A253-96ECEA6B60AA}.Release|Any CPU.ActiveCfg = Release|Any CPU
		{C6B1AA7E-FDE7-4B26-A253-96ECEA6B60AA}.Release|Any CPU.Build.0 = Release|Any CPU
	EndGlobalSection
	GlobalSection(SolutionProperties) = preSolution
		HideSolutionNode = FALSE
	EndGlobalSection
	GlobalSection(ExtensibilityGlobals) = postSolution
		SolutionGuid = {444BE773-5980-4D72-9AC6-AEC253D9C6C7}
	EndGlobalSection
EndGlobal
